<?xml version="1.0" encoding="utf-8"?>
<Project ToolsVersion="4.0" xmlns="http://schemas.microsoft.com/developer/msbuild/2003">
  <ItemGroup>
    <ClCompile Include="Application.cpp" />
    <ClCompile Include="log.cpp" />
    <ClCompile Include="Main.cpp" />
    <ClCompile Include="DEAR_IMGUI\backends\imgui_impl_opengl3.cpp">
      <Filter>Libraries\DearImGui</Filter>
    </ClCompile>
    <ClCompile Include="DEAR_IMGUI\include\imgui.cpp">
      <Filter>Libraries\DearImGui</Filter>
    </ClCompile>
    <ClCompile Include="DEAR_IMGUI\include\imgui_demo.cpp">
      <Filter>Libraries\DearImGui</Filter>
    </ClCompile>
    <ClCompile Include="DEAR_IMGUI\include\imgui_draw.cpp">
      <Filter>Libraries\DearImGui</Filter>
    </ClCompile>
    <ClCompile Include="DEAR_IMGUI\include\imgui_tables.cpp">
      <Filter>Libraries\DearImGui</Filter>
    </ClCompile>
    <ClCompile Include="DEAR_IMGUI\include\imgui_widgets.cpp">
      <Filter>Libraries\DearImGui</Filter>
    </ClCompile>
    <ClCompile Include="DEAR_IMGUI\backends\imgui_impl_sdl.cpp">
      <Filter>Libraries\DearImGui</Filter>
    </ClCompile>
    <ClCompile Include="MATH_GEO_LIB\Algorithm\GJK.cpp">
      <Filter>Libraries\MathGeoLib</Filter>
    </ClCompile>
    <ClCompile Include="MATH_GEO_LIB\Algorithm\GJK2D.cpp">
      <Filter>Libraries\MathGeoLib</Filter>
    </ClCompile>
    <ClCompile Include="MATH_GEO_LIB\Algorithm\SAT.cpp">
      <Filter>Libraries\MathGeoLib</Filter>
    </ClCompile>
    <ClCompile Include="MATH_GEO_LIB\Algorithm\Random\LCG.cpp">
      <Filter>Libraries\MathGeoLib</Filter>
    </ClCompile>
    <ClCompile Include="MATH_GEO_LIB\Geometry\AABB.cpp">
      <Filter>Libraries\MathGeoLib</Filter>
    </ClCompile>
    <ClCompile Include="MATH_GEO_LIB\Geometry\Capsule.cpp">
      <Filter>Libraries\MathGeoLib</Filter>
    </ClCompile>
    <ClCompile Include="MATH_GEO_LIB\Geometry\Circle.cpp">
      <Filter>Libraries\MathGeoLib</Filter>
    </ClCompile>
    <ClCompile Include="MATH_GEO_LIB\Geometry\Circle2D.cpp">
      <Filter>Libraries\MathGeoLib</Filter>
    </ClCompile>
    <ClCompile Include="MATH_GEO_LIB\Geometry\Frustum.cpp">
      <Filter>Libraries\MathGeoLib</Filter>
    </ClCompile>
    <ClCompile Include="MATH_GEO_LIB\Geometry\Line.cpp">
      <Filter>Libraries\MathGeoLib</Filter>
    </ClCompile>
    <ClCompile Include="MATH_GEO_LIB\Geometry\LineSegment.cpp">
      <Filter>Libraries\MathGeoLib</Filter>
    </ClCompile>
    <ClCompile Include="MATH_GEO_LIB\Geometry\LineSegment2D.cpp">
      <Filter>Libraries\MathGeoLib</Filter>
    </ClCompile>
    <ClCompile Include="MATH_GEO_LIB\Geometry\OBB.cpp">
      <Filter>Libraries\MathGeoLib</Filter>
    </ClCompile>
    <ClCompile Include="MATH_GEO_LIB\Geometry\PBVolume.cpp">
      <Filter>Libraries\MathGeoLib</Filter>
    </ClCompile>
    <ClCompile Include="MATH_GEO_LIB\Geometry\Plane.cpp">
      <Filter>Libraries\MathGeoLib</Filter>
    </ClCompile>
    <ClCompile Include="MATH_GEO_LIB\Geometry\Polygon.cpp">
      <Filter>Libraries\MathGeoLib</Filter>
    </ClCompile>
    <ClCompile Include="MATH_GEO_LIB\Geometry\Polyhedron.cpp">
      <Filter>Libraries\MathGeoLib</Filter>
    </ClCompile>
    <ClCompile Include="MATH_GEO_LIB\Geometry\Ray.cpp">
      <Filter>Libraries\MathGeoLib</Filter>
    </ClCompile>
    <ClCompile Include="MATH_GEO_LIB\Geometry\Sphere.cpp">
      <Filter>Libraries\MathGeoLib</Filter>
    </ClCompile>
    <ClCompile Include="MATH_GEO_LIB\Geometry\Triangle.cpp">
      <Filter>Libraries\MathGeoLib</Filter>
    </ClCompile>
    <ClCompile Include="MATH_GEO_LIB\Geometry\Triangle2D.cpp">
      <Filter>Libraries\MathGeoLib</Filter>
    </ClCompile>
    <ClCompile Include="MATH_GEO_LIB\Geometry\TriangleMesh.cpp">
      <Filter>Libraries\MathGeoLib</Filter>
    </ClCompile>
    <ClCompile Include="MATH_GEO_LIB\Math\BitOps.cpp">
      <Filter>Libraries\MathGeoLib</Filter>
    </ClCompile>
    <ClCompile Include="MATH_GEO_LIB\Math\Callstack.cpp">
      <Filter>Libraries\MathGeoLib</Filter>
    </ClCompile>
    <ClCompile Include="MATH_GEO_LIB\Math\float2.cpp">
      <Filter>Libraries\MathGeoLib</Filter>
    </ClCompile>
    <ClCompile Include="MATH_GEO_LIB\Math\float3.cpp">
      <Filter>Libraries\MathGeoLib</Filter>
    </ClCompile>
    <ClCompile Include="MATH_GEO_LIB\Math\float3x3.cpp">
      <Filter>Libraries\MathGeoLib</Filter>
    </ClCompile>
    <ClCompile Include="MATH_GEO_LIB\Math\float3x4.cpp">
      <Filter>Libraries\MathGeoLib</Filter>
    </ClCompile>
    <ClCompile Include="MATH_GEO_LIB\Math\float4.cpp">
      <Filter>Libraries\MathGeoLib</Filter>
    </ClCompile>
    <ClCompile Include="MATH_GEO_LIB\Math\float4d.cpp">
      <Filter>Libraries\MathGeoLib</Filter>
    </ClCompile>
    <ClCompile Include="MATH_GEO_LIB\Math\float4x4.cpp">
      <Filter>Libraries\MathGeoLib</Filter>
    </ClCompile>
    <ClCompile Include="MATH_GEO_LIB\Math\grisu3.c">
      <Filter>Libraries\MathGeoLib</Filter>
    </ClCompile>
    <ClCompile Include="MATH_GEO_LIB\Math\grisu3_cpp.cpp">
      <Filter>Libraries\MathGeoLib</Filter>
    </ClCompile>
    <ClCompile Include="MATH_GEO_LIB\Math\MathFunc.cpp">
      <Filter>Libraries\MathGeoLib</Filter>
    </ClCompile>
    <ClCompile Include="MATH_GEO_LIB\Math\MathLog.cpp">
      <Filter>Libraries\MathGeoLib</Filter>
    </ClCompile>
    <ClCompile Include="MATH_GEO_LIB\Math\MathOps.cpp">
      <Filter>Libraries\MathGeoLib</Filter>
    </ClCompile>
    <ClCompile Include="MATH_GEO_LIB\Math\MiniFloat.cpp">
      <Filter>Libraries\MathGeoLib</Filter>
    </ClCompile>
    <ClCompile Include="MATH_GEO_LIB\Math\Polynomial.cpp">
      <Filter>Libraries\MathGeoLib</Filter>
    </ClCompile>
    <ClCompile Include="MATH_GEO_LIB\Math\Quat.cpp">
      <Filter>Libraries\MathGeoLib</Filter>
    </ClCompile>
    <ClCompile Include="MATH_GEO_LIB\Math\SSEMath.cpp">
      <Filter>Libraries\MathGeoLib</Filter>
    </ClCompile>
    <ClCompile Include="MATH_GEO_LIB\Math\TransformOps.cpp">
      <Filter>Libraries\MathGeoLib</Filter>
    </ClCompile>
    <ClCompile Include="MATH_GEO_LIB\Time\Clock.cpp">
      <Filter>Libraries\MathGeoLib</Filter>
    </ClCompile>
    <ClCompile Include="ModuleCamera.cpp">
      <Filter>Modules</Filter>
    </ClCompile>
    <ClCompile Include="ModuleDebugDraw.cpp">
      <Filter>Modules</Filter>
    </ClCompile>
    <ClCompile Include="ModuleEditor.cpp">
      <Filter>Modules</Filter>
    </ClCompile>
    <ClCompile Include="ModuleInput.cpp">
      <Filter>Modules</Filter>
    </ClCompile>
    <ClCompile Include="ModuleRender.cpp">
      <Filter>Modules</Filter>
    </ClCompile>
    <ClCompile Include="ModuleRenderExercise.cpp">
      <Filter>Modules</Filter>
    </ClCompile>
    <ClCompile Include="ModuleShaderProgram.cpp">
      <Filter>Modules</Filter>
    </ClCompile>
    <ClCompile Include="ModuleTexture.cpp">
      <Filter>Modules</Filter>
    </ClCompile>
    <ClCompile Include="ModuleWindow.cpp">
      <Filter>Modules</Filter>
    </ClCompile>
    <ClCompile Include="Entity.cpp">
      <Filter>Entity</Filter>
    </ClCompile>
    <ClCompile Include="Component.cpp">
      <Filter>Components</Filter>
    </ClCompile>
    <ClCompile Include="ComponentMesh.cpp">
      <Filter>Components</Filter>
    </ClCompile>
    <ClCompile Include="ModelImporter.cpp">
      <Filter>Importers</Filter>
    </ClCompile>
    <ClCompile Include="ComponentBoundingBox.cpp">
      <Filter>Components</Filter>
    </ClCompile>
    <ClCompile Include="ComponentLight.cpp">
      <Filter>Components</Filter>
    </ClCompile>
    <ClCompile Include="ComponentTransform.cpp">
      <Filter>Components</Filter>
    </ClCompile>
    <ClCompile Include="ComponentCamera.cpp">
      <Filter>Components</Filter>
    </ClCompile>
    <ClCompile Include="ComponentMaterial.cpp">
      <Filter>Components</Filter>
    </ClCompile>
    <ClCompile Include="DEAR_IMGUI\include\ImGuizmo.cpp">
      <Filter>Libraries\DearImGui</Filter>
    </ClCompile>
    <ClCompile Include="Scene.cpp">
      <Filter>Scene</Filter>
    </ClCompile>
    <ClCompile Include="ModuleSceneManager.cpp">
      <Filter>Modules</Filter>
    </ClCompile>
    <ClCompile Include="QuadTree.cpp" />
  </ItemGroup>
  <ItemGroup>
    <ClInclude Include="Application.h" />
    <ClInclude Include="Globals.h" />
    <ClInclude Include="Util.h" />
    <ClInclude Include="DEAR_IMGUI\backends\imgui_impl_opengl3.h">
      <Filter>Libraries\DearImGui</Filter>
    </ClInclude>
    <ClInclude Include="DEAR_IMGUI\backends\imgui_impl_opengl3_loader.h">
      <Filter>Libraries\DearImGui</Filter>
    </ClInclude>
    <ClInclude Include="DEAR_IMGUI\include\imconfig.h">
      <Filter>Libraries\DearImGui</Filter>
    </ClInclude>
    <ClInclude Include="DEAR_IMGUI\include\imgui.h">
      <Filter>Libraries\DearImGui</Filter>
    </ClInclude>
    <ClInclude Include="DEAR_IMGUI\include\imgui_internal.h">
      <Filter>Libraries\DearImGui</Filter>
    </ClInclude>
    <ClInclude Include="DEAR_IMGUI\include\imstb_rectpack.h">
      <Filter>Libraries\DearImGui</Filter>
    </ClInclude>
    <ClInclude Include="DEAR_IMGUI\include\imstb_textedit.h">
      <Filter>Libraries\DearImGui</Filter>
    </ClInclude>
    <ClInclude Include="DEAR_IMGUI\include\imstb_truetype.h">
      <Filter>Libraries\DearImGui</Filter>
    </ClInclude>
    <ClInclude Include="DEAR_IMGUI\backends\imgui_impl_sdl.h">
      <Filter>Libraries\DearImGui</Filter>
    </ClInclude>
    <ClInclude Include="MATH_GEO_LIB\MathBuildConfig.h">
      <Filter>Libraries\MathGeoLib</Filter>
    </ClInclude>
    <ClInclude Include="MATH_GEO_LIB\MathGeoLib.h">
      <Filter>Libraries\MathGeoLib</Filter>
    </ClInclude>
    <ClInclude Include="MATH_GEO_LIB\MathGeoLibFwd.h">
      <Filter>Libraries\MathGeoLib</Filter>
    </ClInclude>
    <ClInclude Include="MATH_GEO_LIB\Algorithm\GJK.h">
      <Filter>Libraries\MathGeoLib</Filter>
    </ClInclude>
    <ClInclude Include="MATH_GEO_LIB\Algorithm\GJK2D.h">
      <Filter>Libraries\MathGeoLib</Filter>
    </ClInclude>
    <ClInclude Include="MATH_GEO_LIB\Algorithm\SAT.h">
      <Filter>Libraries\MathGeoLib</Filter>
    </ClInclude>
    <ClInclude Include="MATH_GEO_LIB\Algorithm\Random\LCG.h">
      <Filter>Libraries\MathGeoLib</Filter>
    </ClInclude>
    <ClInclude Include="MATH_GEO_LIB\Geometry\AABB.h">
      <Filter>Libraries\MathGeoLib</Filter>
    </ClInclude>
    <ClInclude Include="MATH_GEO_LIB\Geometry\AABB2D.h">
      <Filter>Libraries\MathGeoLib</Filter>
    </ClInclude>
    <ClInclude Include="MATH_GEO_LIB\Geometry\Capsule.h">
      <Filter>Libraries\MathGeoLib</Filter>
    </ClInclude>
    <ClInclude Include="MATH_GEO_LIB\Geometry\Circle.h">
      <Filter>Libraries\MathGeoLib</Filter>
    </ClInclude>
    <ClInclude Include="MATH_GEO_LIB\Geometry\Circle2D.h">
      <Filter>Libraries\MathGeoLib</Filter>
    </ClInclude>
    <ClInclude Include="MATH_GEO_LIB\Geometry\Frustum.h">
      <Filter>Libraries\MathGeoLib</Filter>
    </ClInclude>
    <ClInclude Include="MATH_GEO_LIB\Geometry\GeometryAll.h">
      <Filter>Libraries\MathGeoLib</Filter>
    </ClInclude>
    <ClInclude Include="MATH_GEO_LIB\Geometry\GeomType.h">
      <Filter>Libraries\MathGeoLib</Filter>
    </ClInclude>
    <ClInclude Include="MATH_GEO_LIB\Geometry\HitInfo.h">
      <Filter>Libraries\MathGeoLib</Filter>
    </ClInclude>
    <ClInclude Include="MATH_GEO_LIB\Geometry\KDTree.h">
      <Filter>Libraries\MathGeoLib</Filter>
    </ClInclude>
    <ClInclude Include="MATH_GEO_LIB\Geometry\Line.h">
      <Filter>Libraries\MathGeoLib</Filter>
    </ClInclude>
    <ClInclude Include="MATH_GEO_LIB\Geometry\LineSegment.h">
      <Filter>Libraries\MathGeoLib</Filter>
    </ClInclude>
    <ClInclude Include="MATH_GEO_LIB\Geometry\LineSegment2D.h">
      <Filter>Libraries\MathGeoLib</Filter>
    </ClInclude>
    <ClInclude Include="MATH_GEO_LIB\Geometry\OBB.h">
      <Filter>Libraries\MathGeoLib</Filter>
    </ClInclude>
    <ClInclude Include="MATH_GEO_LIB\Geometry\OBB2D.h">
      <Filter>Libraries\MathGeoLib</Filter>
    </ClInclude>
    <ClInclude Include="MATH_GEO_LIB\Geometry\PBVolume.h">
      <Filter>Libraries\MathGeoLib</Filter>
    </ClInclude>
    <ClInclude Include="MATH_GEO_LIB\Geometry\Plane.h">
      <Filter>Libraries\MathGeoLib</Filter>
    </ClInclude>
    <ClInclude Include="MATH_GEO_LIB\Geometry\Polygon.h">
      <Filter>Libraries\MathGeoLib</Filter>
    </ClInclude>
    <ClInclude Include="MATH_GEO_LIB\Geometry\Polygon2DRef.h">
      <Filter>Libraries\MathGeoLib</Filter>
    </ClInclude>
    <ClInclude Include="MATH_GEO_LIB\Geometry\Polyhedron.h">
      <Filter>Libraries\MathGeoLib</Filter>
    </ClInclude>
    <ClInclude Include="MATH_GEO_LIB\Geometry\QuadTree.h">
      <Filter>Libraries\MathGeoLib</Filter>
    </ClInclude>
    <ClInclude Include="MATH_GEO_LIB\Geometry\Ray.h">
      <Filter>Libraries\MathGeoLib</Filter>
    </ClInclude>
    <ClInclude Include="MATH_GEO_LIB\Geometry\Sphere.h">
      <Filter>Libraries\MathGeoLib</Filter>
    </ClInclude>
    <ClInclude Include="MATH_GEO_LIB\Geometry\Triangle.h">
      <Filter>Libraries\MathGeoLib</Filter>
    </ClInclude>
    <ClInclude Include="MATH_GEO_LIB\Geometry\Triangle2D.h">
      <Filter>Libraries\MathGeoLib</Filter>
    </ClInclude>
    <ClInclude Include="MATH_GEO_LIB\Geometry\TriangleMesh.h">
      <Filter>Libraries\MathGeoLib</Filter>
    </ClInclude>
    <ClInclude Include="MATH_GEO_LIB\Math\assume.h">
      <Filter>Libraries\MathGeoLib</Filter>
    </ClInclude>
    <ClInclude Include="MATH_GEO_LIB\Math\BitFuncs.h">
      <Filter>Libraries\MathGeoLib</Filter>
    </ClInclude>
    <ClInclude Include="MATH_GEO_LIB\Math\BitOps.h">
      <Filter>Libraries\MathGeoLib</Filter>
    </ClInclude>
    <ClInclude Include="MATH_GEO_LIB\Math\Callstack.h">
      <Filter>Libraries\MathGeoLib</Filter>
    </ClInclude>
    <ClInclude Include="MATH_GEO_LIB\Math\FixedPoint.h">
      <Filter>Libraries\MathGeoLib</Filter>
    </ClInclude>
    <ClInclude Include="MATH_GEO_LIB\Math\float2.h">
      <Filter>Libraries\MathGeoLib</Filter>
    </ClInclude>
    <ClInclude Include="MATH_GEO_LIB\Math\float3.h">
      <Filter>Libraries\MathGeoLib</Filter>
    </ClInclude>
    <ClInclude Include="MATH_GEO_LIB\Math\float3x3.h">
      <Filter>Libraries\MathGeoLib</Filter>
    </ClInclude>
    <ClInclude Include="MATH_GEO_LIB\Math\float3x4.h">
      <Filter>Libraries\MathGeoLib</Filter>
    </ClInclude>
    <ClInclude Include="MATH_GEO_LIB\Math\float4.h">
      <Filter>Libraries\MathGeoLib</Filter>
    </ClInclude>
    <ClInclude Include="MATH_GEO_LIB\Math\float4_neon.h">
      <Filter>Libraries\MathGeoLib</Filter>
    </ClInclude>
    <ClInclude Include="MATH_GEO_LIB\Math\float4_sse.h">
      <Filter>Libraries\MathGeoLib</Filter>
    </ClInclude>
    <ClInclude Include="MATH_GEO_LIB\Math\float4d.h">
      <Filter>Libraries\MathGeoLib</Filter>
    </ClInclude>
    <ClInclude Include="MATH_GEO_LIB\Math\float4x4.h">
      <Filter>Libraries\MathGeoLib</Filter>
    </ClInclude>
    <ClInclude Include="MATH_GEO_LIB\Math\float4x4_neon.h">
      <Filter>Libraries\MathGeoLib</Filter>
    </ClInclude>
    <ClInclude Include="MATH_GEO_LIB\Math\float4x4_sse.h">
      <Filter>Libraries\MathGeoLib</Filter>
    </ClInclude>
    <ClInclude Include="MATH_GEO_LIB\Math\FloatCmp.h">
      <Filter>Libraries\MathGeoLib</Filter>
    </ClInclude>
    <ClInclude Include="MATH_GEO_LIB\Math\grisu3.h">
      <Filter>Libraries\MathGeoLib</Filter>
    </ClInclude>
    <ClInclude Include="MATH_GEO_LIB\Math\InclWindows.h">
      <Filter>Libraries\MathGeoLib</Filter>
    </ClInclude>
    <ClInclude Include="MATH_GEO_LIB\Math\Interpolate.h">
      <Filter>Libraries\MathGeoLib</Filter>
    </ClInclude>
    <ClInclude Include="MATH_GEO_LIB\Math\MathAll.h">
      <Filter>Libraries\MathGeoLib</Filter>
    </ClInclude>
    <ClInclude Include="MATH_GEO_LIB\Math\MathConstants.h">
      <Filter>Libraries\MathGeoLib</Filter>
    </ClInclude>
    <ClInclude Include="MATH_GEO_LIB\Math\MathFunc.h">
      <Filter>Libraries\MathGeoLib</Filter>
    </ClInclude>
    <ClInclude Include="MATH_GEO_LIB\Math\MathLog.h">
      <Filter>Libraries\MathGeoLib</Filter>
    </ClInclude>
    <ClInclude Include="MATH_GEO_LIB\Math\MathNamespace.h">
      <Filter>Libraries\MathGeoLib</Filter>
    </ClInclude>
    <ClInclude Include="MATH_GEO_LIB\Math\MathTypes.h">
      <Filter>Libraries\MathGeoLib</Filter>
    </ClInclude>
    <ClInclude Include="MATH_GEO_LIB\Math\MatrixProxy.h">
      <Filter>Libraries\MathGeoLib</Filter>
    </ClInclude>
    <ClInclude Include="MATH_GEO_LIB\Math\MiniFloat.h">
      <Filter>Libraries\MathGeoLib</Filter>
    </ClInclude>
    <ClInclude Include="MATH_GEO_LIB\Math\MultiLineMacro.h">
      <Filter>Libraries\MathGeoLib</Filter>
    </ClInclude>
    <ClInclude Include="MATH_GEO_LIB\Math\myassert.h">
      <Filter>Libraries\MathGeoLib</Filter>
    </ClInclude>
    <ClInclude Include="MATH_GEO_LIB\Math\Polynomial.h">
      <Filter>Libraries\MathGeoLib</Filter>
    </ClInclude>
    <ClInclude Include="MATH_GEO_LIB\Math\Quat.h">
      <Filter>Libraries\MathGeoLib</Filter>
    </ClInclude>
    <ClInclude Include="MATH_GEO_LIB\Math\quat_simd.h">
      <Filter>Libraries\MathGeoLib</Filter>
    </ClInclude>
    <ClInclude Include="MATH_GEO_LIB\Math\Rect.h">
      <Filter>Libraries\MathGeoLib</Filter>
    </ClInclude>
    <ClInclude Include="MATH_GEO_LIB\Math\Reinterpret.h">
      <Filter>Libraries\MathGeoLib</Filter>
    </ClInclude>
    <ClInclude Include="MATH_GEO_LIB\Math\simd.h">
      <Filter>Libraries\MathGeoLib</Filter>
    </ClInclude>
    <ClInclude Include="MATH_GEO_LIB\Math\sse_mathfun.h">
      <Filter>Libraries\MathGeoLib</Filter>
    </ClInclude>
    <ClInclude Include="MATH_GEO_LIB\Math\SSEMath.h">
      <Filter>Libraries\MathGeoLib</Filter>
    </ClInclude>
    <ClInclude Include="MATH_GEO_LIB\Math\Swap.h">
      <Filter>Libraries\MathGeoLib</Filter>
    </ClInclude>
    <ClInclude Include="MATH_GEO_LIB\Math\TransformOps.h">
      <Filter>Libraries\MathGeoLib</Filter>
    </ClInclude>
    <ClInclude Include="MATH_GEO_LIB\Math\vec2d.h">
      <Filter>Libraries\MathGeoLib</Filter>
    </ClInclude>
    <ClInclude Include="MATH_GEO_LIB\Time\Clock.h">
      <Filter>Libraries\MathGeoLib</Filter>
    </ClInclude>
    <ClInclude Include="Console.h" />
    <ClInclude Include="DEVIL\include\IL\devil_cpp_wrapper.hpp">
      <Filter>Libraries\DevIL</Filter>
    </ClInclude>
    <ClInclude Include="DEVIL\include\IL\devil_internal_exports.h">
      <Filter>Libraries\DevIL</Filter>
    </ClInclude>
    <ClInclude Include="DEVIL\include\IL\il.h">
      <Filter>Libraries\DevIL</Filter>
    </ClInclude>
    <ClInclude Include="DEVIL\include\IL\il_wrap.h">
      <Filter>Libraries\DevIL</Filter>
    </ClInclude>
    <ClInclude Include="DEVIL\include\IL\ilu.h">
      <Filter>Libraries\DevIL</Filter>
    </ClInclude>
    <ClInclude Include="DEVIL\include\IL\ilu_region.h">
      <Filter>Libraries\DevIL</Filter>
    </ClInclude>
    <ClInclude Include="DEVIL\include\IL\ilut.h">
      <Filter>Libraries\DevIL</Filter>
    </ClInclude>
    <ClInclude Include="DEVIL\include\IL\ilut_config.h">
      <Filter>Libraries\DevIL</Filter>
    </ClInclude>
    <ClInclude Include="DEBUG_DRAW\debug_draw.hpp">
      <Filter>Libraries\DebugDraw</Filter>
    </ClInclude>
    <ClInclude Include="DEBUG_DRAW\debugdraw.h">
      <Filter>Libraries\DebugDraw</Filter>
    </ClInclude>
    <ClInclude Include="Time.h" />
    <ClInclude Include="ASSIMP\include\assimp\aabb.h">
      <Filter>Libraries\Assimp</Filter>
    </ClInclude>
    <ClInclude Include="ASSIMP\include\assimp\ai_assert.h">
      <Filter>Libraries\Assimp</Filter>
    </ClInclude>
    <ClInclude Include="ASSIMP\include\assimp\anim.h">
      <Filter>Libraries\Assimp</Filter>
    </ClInclude>
    <ClInclude Include="ASSIMP\include\assimp\BaseImporter.h">
      <Filter>Libraries\Assimp</Filter>
    </ClInclude>
    <ClInclude Include="ASSIMP\include\assimp\Bitmap.h">
      <Filter>Libraries\Assimp</Filter>
    </ClInclude>
    <ClInclude Include="ASSIMP\include\assimp\BlobIOSystem.h">
      <Filter>Libraries\Assimp</Filter>
    </ClInclude>
    <ClInclude Include="ASSIMP\include\assimp\ByteSwapper.h">
      <Filter>Libraries\Assimp</Filter>
    </ClInclude>
    <ClInclude Include="ASSIMP\include\assimp\camera.h">
      <Filter>Libraries\Assimp</Filter>
    </ClInclude>
    <ClInclude Include="ASSIMP\include\assimp\cexport.h">
      <Filter>Libraries\Assimp</Filter>
    </ClInclude>
    <ClInclude Include="ASSIMP\include\assimp\cfileio.h">
      <Filter>Libraries\Assimp</Filter>
    </ClInclude>
    <ClInclude Include="ASSIMP\include\assimp\cimport.h">
      <Filter>Libraries\Assimp</Filter>
    </ClInclude>
    <ClInclude Include="ASSIMP\include\assimp\color4.h">
      <Filter>Libraries\Assimp</Filter>
    </ClInclude>
    <ClInclude Include="ASSIMP\include\assimp\config.h">
      <Filter>Libraries\Assimp</Filter>
    </ClInclude>
    <ClInclude Include="ASSIMP\include\assimp\CreateAnimMesh.h">
      <Filter>Libraries\Assimp</Filter>
    </ClInclude>
    <ClInclude Include="ASSIMP\include\assimp\DefaultIOStream.h">
      <Filter>Libraries\Assimp</Filter>
    </ClInclude>
    <ClInclude Include="ASSIMP\include\assimp\DefaultIOSystem.h">
      <Filter>Libraries\Assimp</Filter>
    </ClInclude>
    <ClInclude Include="ASSIMP\include\assimp\DefaultLogger.hpp">
      <Filter>Libraries\Assimp</Filter>
    </ClInclude>
    <ClInclude Include="ASSIMP\include\assimp\Defines.h">
      <Filter>Libraries\Assimp</Filter>
    </ClInclude>
    <ClInclude Include="ASSIMP\include\assimp\defs.h">
      <Filter>Libraries\Assimp</Filter>
    </ClInclude>
    <ClInclude Include="ASSIMP\include\assimp\Exceptional.h">
      <Filter>Libraries\Assimp</Filter>
    </ClInclude>
    <ClInclude Include="ASSIMP\include\assimp\Exporter.hpp">
      <Filter>Libraries\Assimp</Filter>
    </ClInclude>
    <ClInclude Include="ASSIMP\include\assimp\fast_atof.h">
      <Filter>Libraries\Assimp</Filter>
    </ClInclude>
    <ClInclude Include="ASSIMP\include\assimp\GenericProperty.h">
      <Filter>Libraries\Assimp</Filter>
    </ClInclude>
    <ClInclude Include="ASSIMP\include\assimp\Hash.h">
      <Filter>Libraries\Assimp</Filter>
    </ClInclude>
    <ClInclude Include="ASSIMP\include\assimp\Importer.hpp">
      <Filter>Libraries\Assimp</Filter>
    </ClInclude>
    <ClInclude Include="ASSIMP\include\assimp\importerdesc.h">
      <Filter>Libraries\Assimp</Filter>
    </ClInclude>
    <ClInclude Include="ASSIMP\include\assimp\IOStream.hpp">
      <Filter>Libraries\Assimp</Filter>
    </ClInclude>
    <ClInclude Include="ASSIMP\include\assimp\IOStreamBuffer.h">
      <Filter>Libraries\Assimp</Filter>
    </ClInclude>
    <ClInclude Include="ASSIMP\include\assimp\IOSystem.hpp">
      <Filter>Libraries\Assimp</Filter>
    </ClInclude>
    <ClInclude Include="ASSIMP\include\assimp\irrXMLWrapper.h">
      <Filter>Libraries\Assimp</Filter>
    </ClInclude>
    <ClInclude Include="ASSIMP\include\assimp\light.h">
      <Filter>Libraries\Assimp</Filter>
    </ClInclude>
    <ClInclude Include="ASSIMP\include\assimp\LineSplitter.h">
      <Filter>Libraries\Assimp</Filter>
    </ClInclude>
    <ClInclude Include="ASSIMP\include\assimp\LogAux.h">
      <Filter>Libraries\Assimp</Filter>
    </ClInclude>
    <ClInclude Include="ASSIMP\include\assimp\Logger.hpp">
      <Filter>Libraries\Assimp</Filter>
    </ClInclude>
    <ClInclude Include="ASSIMP\include\assimp\LogStream.hpp">
      <Filter>Libraries\Assimp</Filter>
    </ClInclude>
    <ClInclude Include="ASSIMP\include\assimp\Macros.h">
      <Filter>Libraries\Assimp</Filter>
    </ClInclude>
    <ClInclude Include="ASSIMP\include\assimp\material.h">
      <Filter>Libraries\Assimp</Filter>
    </ClInclude>
    <ClInclude Include="ASSIMP\include\assimp\MathFunctions.h">
      <Filter>Libraries\Assimp</Filter>
    </ClInclude>
    <ClInclude Include="ASSIMP\include\assimp\matrix3x3.h">
      <Filter>Libraries\Assimp</Filter>
    </ClInclude>
    <ClInclude Include="ASSIMP\include\assimp\matrix4x4.h">
      <Filter>Libraries\Assimp</Filter>
    </ClInclude>
    <ClInclude Include="ASSIMP\include\assimp\MemoryIOWrapper.h">
      <Filter>Libraries\Assimp</Filter>
    </ClInclude>
    <ClInclude Include="ASSIMP\include\assimp\mesh.h">
      <Filter>Libraries\Assimp</Filter>
    </ClInclude>
    <ClInclude Include="ASSIMP\include\assimp\metadata.h">
      <Filter>Libraries\Assimp</Filter>
    </ClInclude>
    <ClInclude Include="ASSIMP\include\assimp\NullLogger.hpp">
      <Filter>Libraries\Assimp</Filter>
    </ClInclude>
    <ClInclude Include="ASSIMP\include\assimp\ParsingUtils.h">
      <Filter>Libraries\Assimp</Filter>
    </ClInclude>
    <ClInclude Include="ASSIMP\include\assimp\pbrmaterial.h">
      <Filter>Libraries\Assimp</Filter>
    </ClInclude>
    <ClInclude Include="ASSIMP\include\assimp\postprocess.h">
      <Filter>Libraries\Assimp</Filter>
    </ClInclude>
    <ClInclude Include="ASSIMP\include\assimp\Profiler.h">
      <Filter>Libraries\Assimp</Filter>
    </ClInclude>
    <ClInclude Include="ASSIMP\include\assimp\ProgressHandler.hpp">
      <Filter>Libraries\Assimp</Filter>
    </ClInclude>
    <ClInclude Include="ASSIMP\include\assimp\qnan.h">
      <Filter>Libraries\Assimp</Filter>
    </ClInclude>
    <ClInclude Include="ASSIMP\include\assimp\quaternion.h">
      <Filter>Libraries\Assimp</Filter>
    </ClInclude>
    <ClInclude Include="ASSIMP\include\assimp\RemoveComments.h">
      <Filter>Libraries\Assimp</Filter>
    </ClInclude>
    <ClInclude Include="ASSIMP\include\assimp\scene.h">
      <Filter>Libraries\Assimp</Filter>
    </ClInclude>
    <ClInclude Include="ASSIMP\include\assimp\SceneCombiner.h">
      <Filter>Libraries\Assimp</Filter>
    </ClInclude>
    <ClInclude Include="ASSIMP\include\assimp\SGSpatialSort.h">
      <Filter>Libraries\Assimp</Filter>
    </ClInclude>
    <ClInclude Include="ASSIMP\include\assimp\SkeletonMeshBuilder.h">
      <Filter>Libraries\Assimp</Filter>
    </ClInclude>
    <ClInclude Include="ASSIMP\include\assimp\SmoothingGroups.h">
      <Filter>Libraries\Assimp</Filter>
    </ClInclude>
    <ClInclude Include="ASSIMP\include\assimp\SpatialSort.h">
      <Filter>Libraries\Assimp</Filter>
    </ClInclude>
    <ClInclude Include="ASSIMP\include\assimp\StandardShapes.h">
      <Filter>Libraries\Assimp</Filter>
    </ClInclude>
    <ClInclude Include="ASSIMP\include\assimp\StreamReader.h">
      <Filter>Libraries\Assimp</Filter>
    </ClInclude>
    <ClInclude Include="ASSIMP\include\assimp\StreamWriter.h">
      <Filter>Libraries\Assimp</Filter>
    </ClInclude>
    <ClInclude Include="ASSIMP\include\assimp\StringComparison.h">
      <Filter>Libraries\Assimp</Filter>
    </ClInclude>
    <ClInclude Include="ASSIMP\include\assimp\StringUtils.h">
      <Filter>Libraries\Assimp</Filter>
    </ClInclude>
    <ClInclude Include="ASSIMP\include\assimp\Subdivision.h">
      <Filter>Libraries\Assimp</Filter>
    </ClInclude>
    <ClInclude Include="ASSIMP\include\assimp\texture.h">
      <Filter>Libraries\Assimp</Filter>
    </ClInclude>
    <ClInclude Include="ASSIMP\include\assimp\TinyFormatter.h">
      <Filter>Libraries\Assimp</Filter>
    </ClInclude>
    <ClInclude Include="ASSIMP\include\assimp\types.h">
      <Filter>Libraries\Assimp</Filter>
    </ClInclude>
    <ClInclude Include="ASSIMP\include\assimp\vector2.h">
      <Filter>Libraries\Assimp</Filter>
    </ClInclude>
    <ClInclude Include="ASSIMP\include\assimp\vector3.h">
      <Filter>Libraries\Assimp</Filter>
    </ClInclude>
    <ClInclude Include="ASSIMP\include\assimp\version.h">
      <Filter>Libraries\Assimp</Filter>
    </ClInclude>
    <ClInclude Include="ASSIMP\include\assimp\Vertex.h">
      <Filter>Libraries\Assimp</Filter>
    </ClInclude>
    <ClInclude Include="ASSIMP\include\assimp\XMLTools.h">
      <Filter>Libraries\Assimp</Filter>
    </ClInclude>
    <ClInclude Include="ASSIMP\include\assimp\ZipArchiveIOSystem.h">
      <Filter>Libraries\Assimp</Filter>
    </ClInclude>
    <ClInclude Include="ASSIMP\include\assimp\Compiler\poppack1.h">
      <Filter>Libraries\Assimp</Filter>
    </ClInclude>
    <ClInclude Include="ASSIMP\include\assimp\Compiler\pstdint.h">
      <Filter>Libraries\Assimp</Filter>
    </ClInclude>
    <ClInclude Include="ASSIMP\include\assimp\Compiler\pushpack1.h">
      <Filter>Libraries\Assimp</Filter>
    </ClInclude>
    <ClInclude Include="Module.h">
      <Filter>Modules</Filter>
    </ClInclude>
    <ClInclude Include="ModuleCamera.h">
      <Filter>Modules</Filter>
    </ClInclude>
    <ClInclude Include="ModuleDebugDraw.h">
      <Filter>Modules</Filter>
    </ClInclude>
    <ClInclude Include="ModuleEditor.h">
      <Filter>Modules</Filter>
    </ClInclude>
    <ClInclude Include="ModuleInput.h">
      <Filter>Modules</Filter>
    </ClInclude>
    <ClInclude Include="ModuleRender.h">
      <Filter>Modules</Filter>
    </ClInclude>
    <ClInclude Include="ModuleRenderExercise.h">
      <Filter>Modules</Filter>
    </ClInclude>
    <ClInclude Include="ModuleShaderProgram.h">
      <Filter>Modules</Filter>
    </ClInclude>
    <ClInclude Include="ModuleTexture.h">
      <Filter>Modules</Filter>
    </ClInclude>
    <ClInclude Include="ModuleWindow.h">
      <Filter>Modules</Filter>
    </ClInclude>
    <ClInclude Include="Entity.h">
      <Filter>Entity</Filter>
    </ClInclude>
    <ClInclude Include="Component.h">
      <Filter>Components</Filter>
    </ClInclude>
    <ClInclude Include="ComponentType.h">
      <Filter>Components</Filter>
    </ClInclude>
    <ClInclude Include="ComponentMesh.h">
      <Filter>Components</Filter>
    </ClInclude>
    <ClInclude Include="ModelImporter.h">
      <Filter>Importers</Filter>
    </ClInclude>
    <ClInclude Include="Event.h" />
    <ClInclude Include="ComponentBoundingBox.h">
      <Filter>Components</Filter>
    </ClInclude>
    <ClInclude Include="OPTICK\include\optick.config.h">
      <Filter>Libraries\Optick</Filter>
    </ClInclude>
    <ClInclude Include="OPTICK\include\optick.h">
      <Filter>Libraries\Optick</Filter>
    </ClInclude>
    <ClInclude Include="ComponentLight.h">
      <Filter>Components</Filter>
    </ClInclude>
    <ClInclude Include="ComponentTransform.h">
      <Filter>Components</Filter>
    </ClInclude>
    <ClInclude Include="ComponentCamera.h">
      <Filter>Components</Filter>
    </ClInclude>
    <ClInclude Include="ComponentMaterial.h">
      <Filter>Components</Filter>
    </ClInclude>
    <ClInclude Include="DEAR_IMGUI\include\ImGuizmo.h">
      <Filter>Libraries\DearImGui</Filter>
    </ClInclude>                    
    <ClInclude Include="Scene.h">
      <Filter>Scene</Filter>
    </ClInclude>
    <ClInclude Include="ModuleSceneManager.h">
      <Filter>Modules</Filter>
    </ClInclude>
    <ClInclude Include="EntityOperation.h">
      <Filter>Entity</Filter>
    </ClInclude>
    <ClInclude Include="QuadTree.h" />
  </ItemGroup>
  <ItemGroup>
    <Filter Include="Modules">
      <UniqueIdentifier>{f77adecc-2786-4481-b1b7-152540bc0778}</UniqueIdentifier>
    </Filter>
    <Filter Include="Libraries">
      <UniqueIdentifier>{5d434057-a055-4667-8eef-53f3d525cd31}</UniqueIdentifier>
    </Filter>
    <Filter Include="Libraries\Assimp">
      <UniqueIdentifier>{9cf465d9-b50d-40f9-ac59-a720633014f5}</UniqueIdentifier>
    </Filter>
    <Filter Include="Libraries\DearImGui">
      <UniqueIdentifier>{4c50ea1f-e686-4ced-8cdf-8ac5e3c4d744}</UniqueIdentifier>
    </Filter>
    <Filter Include="Libraries\DebugDraw">
      <UniqueIdentifier>{32030ac1-9762-4a12-8110-a81ac3bfc29c}</UniqueIdentifier>
    </Filter>
    <Filter Include="Libraries\DevIL">
      <UniqueIdentifier>{b5de9a61-7245-42b0-9710-50977920d150}</UniqueIdentifier>
    </Filter>
    <Filter Include="Libraries\MathGeoLib">
      <UniqueIdentifier>{43c86621-6f6e-4273-8cf3-cea004d47d00}</UniqueIdentifier>
    </Filter>
    <Filter Include="Components">
      <UniqueIdentifier>{2569b2e3-705f-4041-9eb8-64aac3c5bab4}</UniqueIdentifier>
    </Filter>
    <Filter Include="Importers">
      <UniqueIdentifier>{f8244ec7-068b-4268-9a96-88feed5b7d41}</UniqueIdentifier>
    </Filter>
    <Filter Include="Libraries\Optick">
      <UniqueIdentifier>{b70da05f-ecb3-441b-8665-60c7a3f5215e}</UniqueIdentifier>
    </Filter>
    <Filter Include="Shaders">
      <UniqueIdentifier>{f5da03b6-3dab-45d8-bc02-4581fd1f3310}</UniqueIdentifier>
    </Filter>
    <Filter Include="Scene">
      <UniqueIdentifier>{ec975eb5-8947-44c4-a30f-5b1262017e6f}</UniqueIdentifier>
    </Filter>
    <Filter Include="Entity">
      <UniqueIdentifier>{73590d22-25c8-4495-977a-e7f09bd82aff}</UniqueIdentifier>
    </Filter>
  </ItemGroup>
  <ItemGroup>
    <None Include="MATH_GEO_LIB\Geometry\KDTree.inl">
      <Filter>Libraries\MathGeoLib</Filter>
    </None>
    <None Include="MATH_GEO_LIB\Geometry\QuadTree.inl">
      <Filter>Libraries\MathGeoLib</Filter>
    </None>
    <None Include="MATH_GEO_LIB\Math\float2.inl">
      <Filter>Libraries\MathGeoLib</Filter>
    </None>
    <None Include="MATH_GEO_LIB\Math\Matrix.inl">
      <Filter>Libraries\MathGeoLib</Filter>
    </None>
    <None Include="ASSIMP\include\assimp\color4.inl">
      <Filter>Libraries\Assimp</Filter>
    </None>
    <None Include="ASSIMP\include\assimp\config.h.in">
      <Filter>Libraries\Assimp</Filter>
    </None>
    <None Include="ASSIMP\include\assimp\material.inl">
      <Filter>Libraries\Assimp</Filter>
    </None>
    <None Include="ASSIMP\include\assimp\matrix3x3.inl">
      <Filter>Libraries\Assimp</Filter>
    </None>
    <None Include="ASSIMP\include\assimp\matrix4x4.inl">
      <Filter>Libraries\Assimp</Filter>
    </None>
    <None Include="ASSIMP\include\assimp\quaternion.inl">
      <Filter>Libraries\Assimp</Filter>
    </None>
    <None Include="ASSIMP\include\assimp\SmoothingGroups.inl">
      <Filter>Libraries\Assimp</Filter>
    </None>
    <None Include="ASSIMP\include\assimp\vector2.inl">
      <Filter>Libraries\Assimp</Filter>
    </None>
    <None Include="ASSIMP\include\assimp\vector3.inl">
      <Filter>Libraries\Assimp</Filter>
    </None>
    <None Include="..\Game\Shaders\fragment.glsl">
      <Filter>Shaders</Filter>
    </None>
    <None Include="..\Game\Shaders\vertex.glsl">
      <Filter>Shaders</Filter>
    </None>
    <None Include="cpp.hint" />
  </ItemGroup>
</Project>